
Microsoft Visual Studio Solution File, Format Version 12.00
# Visual Studio Version 16
VisualStudioVersion = 16.0.30011.22
MinimumVisualStudioVersion = 10.0.40219.1
Project("{FAE04EC0-301F-11D3-BF4B-00C04F79EFBC}") = "KEAOpgave5.4", "KEAOpgave5.4\KEAOpgave5.4.csproj", "{65BE3D44-BBC2-4E77-B98F-3717193C9C31}"
EndProject
Global
	GlobalSection(SolutionConfigurationPlatforms) = preSolution
		Debug|Any CPU = Debug|Any CPU
		Release|Any CPU = Release|Any CPU
	EndGlobalSection
	GlobalSection(ProjectConfigurationPlatforms) = postSolution
		{65BE3D44-BBC2-4E77-B98F-3717193C9C31}.Debug|Any CPU.ActiveCfg = Debug|Any CPU
		{65BE3D44-BBC2-4E77-B98F-3717193C9C31}.Debug|Any CPU.Build.0 = Debug|Any CPU
		{65BE3D44-BBC2-4E77-B98F-3717193C9C31}.Release|Any CPU.ActiveCfg = Release|Any CPU
		{65BE3D44-BBC2-4E77-B98F-3717193C9C31}.Release|Any CPU.Build.0 = Release|Any CPU
	EndGlobalSection
	GlobalSection(SolutionProperties) = preSolution
		HideSolutionNode = FALSE
	EndGlobalSection
	GlobalSection(ExtensibilityGlobals) = postSolution
		SolutionGuid = {EF08B0EB-5D3F-48F2-B4CF-18626E5300F0}
	EndGlobalSection
EndGlobal
